{
    "_readme": [
        "This file locks the dependencies of your project to a known state",
        "Read more about it at https://getcomposer.org/doc/01-basic-usage.md#installing-dependencies",
        "This file is @generated automatically"
    ],
    "content-hash": "345319496863711d6ca27ca5f721ba49",
    "packages": [
        {
            "name": "coreui/coreui",
            "version": "3.2.2",
            "source": {
                "type": "git",
                "url": "https://github.com/coreui/coreui.git",
                "reference": "82b54367ff341414e14d26406deca56073e29e67"
            },
            "dist": {
                "type": "zip",
                "url": "https://api.github.com/repos/coreui/coreui/zipball/82b54367ff341414e14d26406deca56073e29e67",
                "reference": "82b54367ff341414e14d26406deca56073e29e67",
                "shasum": ""
            },
            "type": "library",
            "notification-url": "https://packagist.org/downloads/",
            "license": [
                "MIT"
            ],
            "description": "Open Source UI Kit built on top of Bootstrap 4.",
            "homepage": "https://coreui.io/",
            "keywords": [
                "JS",
                "css",
                "framework",
                "front-end",
                "mobile-first",
                "responsive",
                "sass",
                "web"
            ],
            "support": {
                "issues": "https://github.com/coreui/coreui/issues",
                "source": "https://github.com/coreui/coreui/tree/master"
            },
            "funding": [
                {
                    "url": "https://coreui.io/",
                    "type": "custom"
                }
            ],
            "time": "2020-06-24T18:51:07+00:00"
        }
    ],
    "packages-dev": [],
    "aliases": [],
    "minimum-stability": "stable",
    "stability-flags": [],
    "prefer-stable": false,
    "prefer-lowest": false,
    "platform": [],
    "platform-dev": [],
    "plugin-api-version": "2.0.0"
}
